PODS:
  - DPMeterView (1.0.0)
  - Kiwi (2.2.4):
    - Kiwi/SenTestingKit
  - Kiwi/ARC (2.2.4)
  - Kiwi/NonARC (2.2.4)
  - Kiwi/SenTestingKit (2.2.4):
    - Kiwi/ARC
    - Kiwi/NonARC

DEPENDENCIES:
  - DPMeterView (from `../.`)
  - Kiwi

EXTERNAL SOURCES:
  DPMeterView:
    :path: ../.

SPEC CHECKSUMS:
  DPMeterView: 37849bb88fa64a1ad5e1d6d0e90fdce1708b2da4
  Kiwi: c73667f2b84cbf36f1a3830267c5a4ae8dcbd8ba

COCOAPODS: 0.33.1
