PODS:
  - DPMeterView (1.0.1)
  - Kiwi (2.2.4):
    - Kiwi/SenTestingKit
  - Kiwi/ARC (2.2.4)
  - Kiwi/NonARC (2.2.4)
  - Kiwi/SenTestingKit (2.2.4):
    - Kiwi/ARC
    - Kiwi/NonARC

DEPENDENCIES:
  - DPMeterView (from `../.`)
  - Kiwi

EXTERNAL SOURCES:
  DPMeterView:
    :path: ../.

SPEC CHECKSUMS:
  DPMeterView: 3e383f6d6aacf253460c44fe1d33216eabb46761
  Kiwi: c73667f2b84cbf36f1a3830267c5a4ae8dcbd8ba

COCOAPODS: 0.33.1
